
Microsoft Visual Studio Solution File, Format Version 12.00
# Visual Studio Version 16
VisualStudioVersion = 16.0.30320.27
MinimumVisualStudioVersion = 10.0.40219.1
Project("{FAE04EC0-301F-11D3-BF4B-00C04F79EFBC}") = "AsyncAwaitWithTimCorey", "AsyncAwaitWithTimCorey\AsyncAwaitWithTimCorey.csproj", "{424B96D8-2B9C-4CCD-8F47-6019DD673D41}"
EndProject
Project("{9A19103F-16F7-4668-BE54-9A1E7A4F7556}") = "ReactiveUIStuff", "ReactiveUIStuff\ReactiveUIStuff.csproj", "{BE379788-90DD-4EEA-A398-5758D1F13C7D}"
EndProject
Project("{9A19103F-16F7-4668-BE54-9A1E7A4F7556}") = "ReactiveExtensionsUdemyCourse", "ReactiveExtensionsUdemyCourse\ReactiveExtensionsUdemyCourse.csproj", "{62D9DD1A-678B-4C94-A366-1C97B4D4F9A3}"
EndProject
Project("{FAE04EC0-301F-11D3-BF4B-00C04F79EFBC}") = "RxuiMvpApp", "RxuiMvpApp\RxuiMvpApp.csproj", "{FF90683C-DD7F-42D6-8CF6-32077FFB6C68}"
EndProject
Project("{2150E333-8FDC-42A3-9474-1A3956D46DE8}") = "Solution Items", "Solution Items", "{74EF924D-A979-478F-8AAA-C9E32361D210}"
	ProjectSection(SolutionItems) = preProject
		Readme.md = Readme.md
	EndProjectSection
EndProject
Project("{FAE04EC0-301F-11D3-BF4B-00C04F79EFBC}") = "WpfStuff", "WpfStuff\WpfStuff.csproj", "{AAE06F58-EDC3-4DD9-8CFD-92A1B5C0E3AE}"
EndProject
Global
	GlobalSection(SolutionConfigurationPlatforms) = preSolution
		Debug|Any CPU = Debug|Any CPU
		Release|Any CPU = Release|Any CPU
	EndGlobalSection
	GlobalSection(ProjectConfigurationPlatforms) = postSolution
		{424B96D8-2B9C-4CCD-8F47-6019DD673D41}.Debug|Any CPU.ActiveCfg = Debug|Any CPU
		{424B96D8-2B9C-4CCD-8F47-6019DD673D41}.Debug|Any CPU.Build.0 = Debug|Any CPU
		{424B96D8-2B9C-4CCD-8F47-6019DD673D41}.Release|Any CPU.ActiveCfg = Release|Any CPU
		{424B96D8-2B9C-4CCD-8F47-6019DD673D41}.Release|Any CPU.Build.0 = Release|Any CPU
		{BE379788-90DD-4EEA-A398-5758D1F13C7D}.Debug|Any CPU.ActiveCfg = Debug|Any CPU
		{BE379788-90DD-4EEA-A398-5758D1F13C7D}.Debug|Any CPU.Build.0 = Debug|Any CPU
		{BE379788-90DD-4EEA-A398-5758D1F13C7D}.Release|Any CPU.ActiveCfg = Release|Any CPU
		{BE379788-90DD-4EEA-A398-5758D1F13C7D}.Release|Any CPU.Build.0 = Release|Any CPU
		{62D9DD1A-678B-4C94-A366-1C97B4D4F9A3}.Debug|Any CPU.ActiveCfg = Debug|Any CPU
		{62D9DD1A-678B-4C94-A366-1C97B4D4F9A3}.Debug|Any CPU.Build.0 = Debug|Any CPU
		{62D9DD1A-678B-4C94-A366-1C97B4D4F9A3}.Release|Any CPU.ActiveCfg = Release|Any CPU
		{62D9DD1A-678B-4C94-A366-1C97B4D4F9A3}.Release|Any CPU.Build.0 = Release|Any CPU
		{FF90683C-DD7F-42D6-8CF6-32077FFB6C68}.Debug|Any CPU.ActiveCfg = Debug|Any CPU
		{FF90683C-DD7F-42D6-8CF6-32077FFB6C68}.Debug|Any CPU.Build.0 = Debug|Any CPU
		{FF90683C-DD7F-42D6-8CF6-32077FFB6C68}.Release|Any CPU.ActiveCfg = Release|Any CPU
		{FF90683C-DD7F-42D6-8CF6-32077FFB6C68}.Release|Any CPU.Build.0 = Release|Any CPU
		{AAE06F58-EDC3-4DD9-8CFD-92A1B5C0E3AE}.Debug|Any CPU.ActiveCfg = Debug|Any CPU
		{AAE06F58-EDC3-4DD9-8CFD-92A1B5C0E3AE}.Debug|Any CPU.Build.0 = Debug|Any CPU
		{AAE06F58-EDC3-4DD9-8CFD-92A1B5C0E3AE}.Release|Any CPU.ActiveCfg = Release|Any CPU
		{AAE06F58-EDC3-4DD9-8CFD-92A1B5C0E3AE}.Release|Any CPU.Build.0 = Release|Any CPU
	EndGlobalSection
	GlobalSection(SolutionProperties) = preSolution
		HideSolutionNode = FALSE
	EndGlobalSection
	GlobalSection(ExtensibilityGlobals) = postSolution
		SolutionGuid = {FF714040-9C63-4EAA-8164-BD1F94EF64BA}
	EndGlobalSection
EndGlobal
